Microsoft Visual Studio Solution File, Format Version 12.00
# Visual Studio Version 17
VisualStudioVersion = 17.5.2.0
MinimumVisualStudioVersion = 10.0.40219.1
Project("{FAE04EC0-301F-11D3-BF4B-00C04F79EFBC}") = "SpstLibrary-Admin", "SpstLibrary-Admin.csproj", "{20EBF7EE-503D-00A6-F432-A82CFDC45B2F}"
EndProject
Global
	GlobalSection(SolutionConfigurationPlatforms) = preSolution
		Debug|Any CPU = Debug|Any CPU
		Release|Any CPU = Release|Any CPU
	EndGlobalSection
	GlobalSection(ProjectConfigurationPlatforms) = postSolution
		{20EBF7EE-503D-00A6-F432-A82CFDC45B2F}.Debug|Any CPU.ActiveCfg = Debug|Any CPU
		{20EBF7EE-503D-00A6-F432-A82CFDC45B2F}.Debug|Any CPU.Build.0 = Debug|Any CPU
		{20EBF7EE-503D-00A6-F432-A82CFDC45B2F}.Release|Any CPU.ActiveCfg = Release|Any CPU
		{20EBF7EE-503D-00A6-F432-A82CFDC45B2F}.Release|Any CPU.Build.0 = Release|Any CPU
	EndGlobalSection
	GlobalSection(SolutionProperties) = preSolution
		HideSolutionNode = FALSE
	EndGlobalSection
	GlobalSection(ExtensibilityGlobals) = postSolution
		SolutionGuid = {76B5EF83-29A3-4B30-9F76-1D9D6F242333}
	EndGlobalSection
EndGlobal
